
Microsoft Visual Studio Solution File, Format Version 12.00
# Visual Studio 2012
Project("{FAE04EC0-301F-11D3-BF4B-00C04F79EFBC}") = "MvcColleagues", "MvcColleagues\MvcColleagues.csproj", "{E6573E27-BFAD-43D7-882B-7CAF079EA4E3}"
EndProject
Project("{FAE04EC0-301F-11D3-BF4B-00C04F79EFBC}") = "MvcColleagues.Tests", "MvcColleagues.Tests\MvcColleagues.Tests.csproj", "{C0A77A94-6225-4910-8B87-5839B27B2B4B}"
EndProject
Global
	GlobalSection(SolutionConfigurationPlatforms) = preSolution
		Debug|Any CPU = Debug|Any CPU
		Release|Any CPU = Release|Any CPU
	EndGlobalSection
	GlobalSection(ProjectConfigurationPlatforms) = postSolution
		{E6573E27-BFAD-43D7-882B-7CAF079EA4E3}.Debug|Any CPU.ActiveCfg = Debug|Any CPU
		{E6573E27-BFAD-43D7-882B-7CAF079EA4E3}.Debug|Any CPU.Build.0 = Debug|Any CPU
		{E6573E27-BFAD-43D7-882B-7CAF079EA4E3}.Release|Any CPU.ActiveCfg = Release|Any CPU
		{E6573E27-BFAD-43D7-882B-7CAF079EA4E3}.Release|Any CPU.Build.0 = Release|Any CPU
		{C0A77A94-6225-4910-8B87-5839B27B2B4B}.Debug|Any CPU.ActiveCfg = Debug|Any CPU
		{C0A77A94-6225-4910-8B87-5839B27B2B4B}.Debug|Any CPU.Build.0 = Debug|Any CPU
		{C0A77A94-6225-4910-8B87-5839B27B2B4B}.Release|Any CPU.ActiveCfg = Release|Any CPU
		{C0A77A94-6225-4910-8B87-5839B27B2B4B}.Release|Any CPU.Build.0 = Release|Any CPU
	EndGlobalSection
	GlobalSection(SolutionProperties) = preSolution
		HideSolutionNode = FALSE
	EndGlobalSection
EndGlobal
